// !$*UTF8*$!
{
	archiveVersion = 1;
	classes = {
	};
	objectVersion = 50;
	objects = {

/* Begin PBXBuildFile section */
		0D74960EDCA597017C25EA9B /* Pods_EjemploPushNotifications.framework in Frameworks */ = {isa = PBXBuildFile; fileRef = E815F3B13B4CA8220B4E0A11 /* Pods_EjemploPushNotifications.framework */; };
		A159DC9A225C3CBB0059C0EA /* AppDelegate.swift in Sources */ = {isa = PBXBuildFile; fileRef = A159DC99225C3CBB0059C0EA /* AppDelegate.swift */; };
		A159DC9C225C3CBB0059C0EA /* ViewController.swift in Sources */ = {isa = PBXBuildFile; fileRef = A159DC9B225C3CBB0059C0EA /* ViewController.swift */; };
		A159DC9F225C3CBB0059C0EA /* Main.storyboard in Resources */ = {isa = PBXBuildFile; fileRef = A159DC9D225C3CBB0059C0EA /* Main.storyboard */; };
		A159DCA2225C3CBB0059C0EA /* EjemploPushNotifications.xcdatamodeld in Sources */ = {isa = PBXBuildFile; fileRef = A159DCA0225C3CBB0059C0EA /* EjemploPushNotifications.xcdatamodeld */; };
		A159DCA4225C3CBD0059C0EA /* Assets.xcassets in Resources */ = {isa = PBXBuildFile; fileRef = A159DCA3225C3CBD0059C0EA /* Assets.xcassets */; };
		A159DCA7225C3CBD0059C0EA /* LaunchScreen.storyboard in Resources */ = {isa = PBXBuildFile; fileRef = A159DCA5225C3CBD0059C0EA /* LaunchScreen.storyboard */; };
		A159DCB2225C3CBD0059C0EA /* EjemploPushNotificationsTests.swift in Sources */ = {isa = PBXBuildFile; fileRef = A159DCB1225C3CBD0059C0EA /* EjemploPushNotificationsTests.swift */; };
		A159DCBD225C3CBD0059C0EA /* EjemploPushNotificationsUITests.swift in Sources */ = {isa = PBXBuildFile; fileRef = A159DCBC225C3CBD0059C0EA /* EjemploPushNotificationsUITests.swift */; };
		A159DCCB225C3F310059C0EA /* GoogleService-Info.plist in Resources */ = {isa = PBXBuildFile; fileRef = A159DCCA225C3F310059C0EA /* GoogleService-Info.plist */; };
		A68F5808ACDE73A71B1F55CF /* Pods_EjemploPushNotificationsTests.framework in Frameworks */ = {isa = PBXBuildFile; fileRef = CAFFAA00EBF240895B33C041 /* Pods_EjemploPushNotificationsTests.framework */; };
		DE91E9A1225CEE1A00DE013A /* AirshipConfig.plist in Resources */ = {isa = PBXBuildFile; fileRef = DE91E9A0225CEE1A00DE013A /* AirshipConfig.plist */; };
		F869A933DF56B22C2A5EC221 /* Pods_EjemploPushNotificationsUITests.framework in Frameworks */ = {isa = PBXBuildFile; fileRef = C69EFE9FF2EF15B53ADFBEE5 /* Pods_EjemploPushNotificationsUITests.framework */; };
/* End PBXBuildFile section */

/* Begin PBXContainerItemProxy section */
		A159DCAE225C3CBD0059C0EA /* PBXContainerItemProxy */ = {
			isa = PBXContainerItemProxy;
			containerPortal = A159DC8E225C3CBB0059C0EA /* Project object */;
			proxyType = 1;
			remoteGlobalIDString = A159DC95225C3CBB0059C0EA;
			remoteInfo = EjemploPushNotifications;
		};
		A159DCB9225C3CBD0059C0EA /* PBXContainerItemProxy */ = {
			isa = PBXContainerItemProxy;
			containerPortal = A159DC8E225C3CBB0059C0EA /* Project object */;
			proxyType = 1;
			remoteGlobalIDString = A159DC95225C3CBB0059C0EA;
			remoteInfo = EjemploPushNotifications;
		};
/* End PBXContainerItemProxy section */

/* Begin PBXCopyFilesBuildPhase section */
		DE91E99E225CEB2600DE013A /* Embed App Extensions */ = {
			isa = PBXCopyFilesBuildPhase;
			buildActionMask = 2147483647;
			dstPath = "";
			dstSubfolderSpec = 13;
			files = (
			);
			name = "Embed App Extensions";
			runOnlyForDeploymentPostprocessing = 0;
		};
/* End PBXCopyFilesBuildPhase section */

/* Begin PBXFileReference section */
		0B979A1EEC5516C3F60DDEDD /* Pods-EjemploPushNotifications-urbanAirship.release.xcconfig */ = {isa = PBXFileReference; includeInIndex = 1; lastKnownFileType = text.xcconfig; name = "Pods-EjemploPushNotifications-urbanAirship.release.xcconfig"; path = "Pods/Target Support Files/Pods-EjemploPushNotifications-urbanAirship/Pods-EjemploPushNotifications-urbanAirship.release.xcconfig"; sourceTree = "<group>"; };
		4D116A7B6796691DF8889AB3 /* Pods-EjemploPushNotificationsUITests.release.xcconfig */ = {isa = PBXFileReference; includeInIndex = 1; lastKnownFileType = text.xcconfig; name = "Pods-EjemploPushNotificationsUITests.release.xcconfig"; path = "Pods/Target Support Files/Pods-EjemploPushNotificationsUITests/Pods-EjemploPushNotificationsUITests.release.xcconfig"; sourceTree = "<group>"; };
		6358E2FDEA9927087DFEBB73 /* Pods-EjemploPushNotifications-urbanAirship.debug.xcconfig */ = {isa = PBXFileReference; includeInIndex = 1; lastKnownFileType = text.xcconfig; name = "Pods-EjemploPushNotifications-urbanAirship.debug.xcconfig"; path = "Pods/Target Support Files/Pods-EjemploPushNotifications-urbanAirship/Pods-EjemploPushNotifications-urbanAirship.debug.xcconfig"; sourceTree = "<group>"; };
		638F182034868634F87B00F3 /* Pods-EjemploPushNotificationsTests.release.xcconfig */ = {isa = PBXFileReference; includeInIndex = 1; lastKnownFileType = text.xcconfig; name = "Pods-EjemploPushNotificationsTests.release.xcconfig"; path = "Pods/Target Support Files/Pods-EjemploPushNotificationsTests/Pods-EjemploPushNotificationsTests.release.xcconfig"; sourceTree = "<group>"; };
		8D8B894DF3B6CC713A22D22F /* Pods-EjemploPushNotificationsTests.debug.xcconfig */ = {isa = PBXFileReference; includeInIndex = 1; lastKnownFileType = text.xcconfig; name = "Pods-EjemploPushNotificationsTests.debug.xcconfig"; path = "Pods/Target Support Files/Pods-EjemploPushNotificationsTests/Pods-EjemploPushNotificationsTests.debug.xcconfig"; sourceTree = "<group>"; };
		99829AF9258EA2124D73FD63 /* Pods_EjemploPushNotifications_urbanAirship.framework */ = {isa = PBXFileReference; explicitFileType = wrapper.framework; includeInIndex = 0; path = Pods_EjemploPushNotifications_urbanAirship.framework; sourceTree = BUILT_PRODUCTS_DIR; };
		9AE416D43A17635F81C117C6 /* Pods-EjemploPushNotifications.debug.xcconfig */ = {isa = PBXFileReference; includeInIndex = 1; lastKnownFileType = text.xcconfig; name = "Pods-EjemploPushNotifications.debug.xcconfig"; path = "Pods/Target Support Files/Pods-EjemploPushNotifications/Pods-EjemploPushNotifications.debug.xcconfig"; sourceTree = "<group>"; };
		A159DC96225C3CBB0059C0EA /* EjemploPushNotifications.app */ = {isa = PBXFileReference; explicitFileType = wrapper.application; includeInIndex = 0; path = EjemploPushNotifications.app; sourceTree = BUILT_PRODUCTS_DIR; };
		A159DC99225C3CBB0059C0EA /* AppDelegate.swift */ = {isa = PBXFileReference; lastKnownFileType = sourcecode.swift; path = AppDelegate.swift; sourceTree = "<group>"; };
		A159DC9B225C3CBB0059C0EA /* ViewController.swift */ = {isa = PBXFileReference; lastKnownFileType = sourcecode.swift; path = ViewController.swift; sourceTree = "<group>"; };
		A159DC9E225C3CBB0059C0EA /* Base */ = {isa = PBXFileReference; lastKnownFileType = file.storyboard; name = Base; path = Base.lproj/Main.storyboard; sourceTree = "<group>"; };
		A159DCA1225C3CBB0059C0EA /* EjemploPushNotifications.xcdatamodel */ = {isa = PBXFileReference; lastKnownFileType = wrapper.xcdatamodel; path = EjemploPushNotifications.xcdatamodel; sourceTree = "<group>"; };
		A159DCA3225C3CBD0059C0EA /* Assets.xcassets */ = {isa = PBXFileReference; lastKnownFileType = folder.assetcatalog; path = Assets.xcassets; sourceTree = "<group>"; };
		A159DCA6225C3CBD0059C0EA /* Base */ = {isa = PBXFileReference; lastKnownFileType = file.storyboard; name = Base; path = Base.lproj/LaunchScreen.storyboard; sourceTree = "<group>"; };
		A159DCA8225C3CBD0059C0EA /* Info.plist */ = {isa = PBXFileReference; lastKnownFileType = text.plist.xml; path = Info.plist; sourceTree = "<group>"; };
		A159DCAD225C3CBD0059C0EA /* EjemploPushNotificationsTests.xctest */ = {isa = PBXFileReference; explicitFileType = wrapper.cfbundle; includeInIndex = 0; path = EjemploPushNotificationsTests.xctest; sourceTree = BUILT_PRODUCTS_DIR; };
		A159DCB1225C3CBD0059C0EA /* EjemploPushNotificationsTests.swift */ = {isa = PBXFileReference; lastKnownFileType = sourcecode.swift; path = EjemploPushNotificationsTests.swift; sourceTree = "<group>"; };
		A159DCB3225C3CBD0059C0EA /* Info.plist */ = {isa = PBXFileReference; lastKnownFileType = text.plist.xml; path = Info.plist; sourceTree = "<group>"; };
		A159DCB8225C3CBD0059C0EA /* EjemploPushNotificationsUITests.xctest */ = {isa = PBXFileReference; explicitFileType = wrapper.cfbundle; includeInIndex = 0; path = EjemploPushNotificationsUITests.xctest; sourceTree = BUILT_PRODUCTS_DIR; };
		A159DCBC225C3CBD0059C0EA /* EjemploPushNotificationsUITests.swift */ = {isa = PBXFileReference; lastKnownFileType = sourcecode.swift; path = EjemploPushNotificationsUITests.swift; sourceTree = "<group>"; };
		A159DCBE225C3CBD0059C0EA /* Info.plist */ = {isa = PBXFileReference; lastKnownFileType = text.plist.xml; path = Info.plist; sourceTree = "<group>"; };
		A159DCCA225C3F310059C0EA /* GoogleService-Info.plist */ = {isa = PBXFileReference; fileEncoding = 4; lastKnownFileType = text.plist.xml; path = "GoogleService-Info.plist"; sourceTree = "<group>"; };
		A159DCCC225C42960059C0EA /* EjemploPushNotifications.entitlements */ = {isa = PBXFileReference; lastKnownFileType = text.plist.entitlements; path = EjemploPushNotifications.entitlements; sourceTree = "<group>"; };
		A628A502E46B1B26EE7885FA /* Pods-EjemploPushNotificationsUITests.debug.xcconfig */ = {isa = PBXFileReference; includeInIndex = 1; lastKnownFileType = text.xcconfig; name = "Pods-EjemploPushNotificationsUITests.debug.xcconfig"; path = "Pods/Target Support Files/Pods-EjemploPushNotificationsUITests/Pods-EjemploPushNotificationsUITests.debug.xcconfig"; sourceTree = "<group>"; };
		C69EFE9FF2EF15B53ADFBEE5 /* Pods_EjemploPushNotificationsUITests.framework */ = {isa = PBXFileReference; explicitFileType = wrapper.framework; includeInIndex = 0; path = Pods_EjemploPushNotificationsUITests.framework; sourceTree = BUILT_PRODUCTS_DIR; };
		CAFFAA00EBF240895B33C041 /* Pods_EjemploPushNotificationsTests.framework */ = {isa = PBXFileReference; explicitFileType = wrapper.framework; includeInIndex = 0; path = Pods_EjemploPushNotificationsTests.framework; sourceTree = BUILT_PRODUCTS_DIR; };
		DE91E9A0225CEE1A00DE013A /* AirshipConfig.plist */ = {isa = PBXFileReference; lastKnownFileType = text.plist; path = AirshipConfig.plist; sourceTree = "<group>"; };
		E815F3B13B4CA8220B4E0A11 /* Pods_EjemploPushNotifications.framework */ = {isa = PBXFileReference; explicitFileType = wrapper.framework; includeInIndex = 0; path = Pods_EjemploPushNotifications.framework; sourceTree = BUILT_PRODUCTS_DIR; };
		E849DBBCB4C99CB60C5836A3 /* Pods-EjemploPushNotifications.release.xcconfig */ = {isa = PBXFileReference; includeInIndex = 1; lastKnownFileType = text.xcconfig; name = "Pods-EjemploPushNotifications.release.xcconfig"; path = "Pods/Target Support Files/Pods-EjemploPushNotifications/Pods-EjemploPushNotifications.release.xcconfig"; sourceTree = "<group>"; };
/* End PBXFileReference section */

/* Begin PBXFrameworksBuildPhase section */
		A159DC93225C3CBB0059C0EA /* Frameworks */ = {
			isa = PBXFrameworksBuildPhase;
			buildActionMask = 2147483647;
			files = (
				0D74960EDCA597017C25EA9B /* Pods_EjemploPushNotifications.framework in Frameworks */,
			);
			runOnlyForDeploymentPostprocessing = 0;
		};
		A159DCAA225C3CBD0059C0EA /* Frameworks */ = {
			isa = PBXFrameworksBuildPhase;
			buildActionMask = 2147483647;
			files = (
				A68F5808ACDE73A71B1F55CF /* Pods_EjemploPushNotificationsTests.framework in Frameworks */,
			);
			runOnlyForDeploymentPostprocessing = 0;
		};
		A159DCB5225C3CBD0059C0EA /* Frameworks */ = {
			isa = PBXFrameworksBuildPhase;
			buildActionMask = 2147483647;
			files = (
				F869A933DF56B22C2A5EC221 /* Pods_EjemploPushNotificationsUITests.framework in Frameworks */,
			);
			runOnlyForDeploymentPostprocessing = 0;
		};
/* End PBXFrameworksBuildPhase section */

/* Begin PBXGroup section */
		93DE1DFC450431BF8CA1062C /* Frameworks */ = {
			isa = PBXGroup;
			children = (
				E815F3B13B4CA8220B4E0A11 /* Pods_EjemploPushNotifications.framework */,
				CAFFAA00EBF240895B33C041 /* Pods_EjemploPushNotificationsTests.framework */,
				C69EFE9FF2EF15B53ADFBEE5 /* Pods_EjemploPushNotificationsUITests.framework */,
				99829AF9258EA2124D73FD63 /* Pods_EjemploPushNotifications_urbanAirship.framework */,
			);
			name = Frameworks;
			sourceTree = "<group>";
		};
		A159DC8D225C3CBB0059C0EA = {
			isa = PBXGroup;
			children = (
				A159DC98225C3CBB0059C0EA /* EjemploPushNotifications */,
				A159DCB0225C3CBD0059C0EA /* EjemploPushNotificationsTests */,
				A159DCBB225C3CBD0059C0EA /* EjemploPushNotificationsUITests */,
				A159DC97225C3CBB0059C0EA /* Products */,
				A7BBBC571B6098D12788DCA4 /* Pods */,
				93DE1DFC450431BF8CA1062C /* Frameworks */,
			);
			sourceTree = "<group>";
		};
		A159DC97225C3CBB0059C0EA /* Products */ = {
			isa = PBXGroup;
			children = (
				A159DC96225C3CBB0059C0EA /* EjemploPushNotifications.app */,
				A159DCAD225C3CBD0059C0EA /* EjemploPushNotificationsTests.xctest */,
				A159DCB8225C3CBD0059C0EA /* EjemploPushNotificationsUITests.xctest */,
			);
			name = Products;
			sourceTree = "<group>";
		};
		A159DC98225C3CBB0059C0EA /* EjemploPushNotifications */ = {
			isa = PBXGroup;
			children = (
				A159DCCC225C42960059C0EA /* EjemploPushNotifications.entitlements */,
				A159DC99225C3CBB0059C0EA /* AppDelegate.swift */,
				A159DC9B225C3CBB0059C0EA /* ViewController.swift */,
				A159DCCA225C3F310059C0EA /* GoogleService-Info.plist */,
				A159DC9D225C3CBB0059C0EA /* Main.storyboard */,
				A159DCA3225C3CBD0059C0EA /* Assets.xcassets */,
				A159DCA5225C3CBD0059C0EA /* LaunchScreen.storyboard */,
				A159DCA8225C3CBD0059C0EA /* Info.plist */,
				A159DCA0225C3CBB0059C0EA /* EjemploPushNotifications.xcdatamodeld */,
				DE91E9A0225CEE1A00DE013A /* AirshipConfig.plist */,
			);
			path = EjemploPushNotifications;
			sourceTree = "<group>";
		};
		A159DCB0225C3CBD0059C0EA /* EjemploPushNotificationsTests */ = {
			isa = PBXGroup;
			children = (
				A159DCB1225C3CBD0059C0EA /* EjemploPushNotificationsTests.swift */,
				A159DCB3225C3CBD0059C0EA /* Info.plist */,
			);
			path = EjemploPushNotificationsTests;
			sourceTree = "<group>";
		};
		A159DCBB225C3CBD0059C0EA /* EjemploPushNotificationsUITests */ = {
			isa = PBXGroup;
			children = (
				A159DCBC225C3CBD0059C0EA /* EjemploPushNotificationsUITests.swift */,
				A159DCBE225C3CBD0059C0EA /* Info.plist */,
			);
			path = EjemploPushNotificationsUITests;
			sourceTree = "<group>";
		};
		A7BBBC571B6098D12788DCA4 /* Pods */ = {
			isa = PBXGroup;
			children = (
				9AE416D43A17635F81C117C6 /* Pods-EjemploPushNotifications.debug.xcconfig */,
				E849DBBCB4C99CB60C5836A3 /* Pods-EjemploPushNotifications.release.xcconfig */,
				8D8B894DF3B6CC713A22D22F /* Pods-EjemploPushNotificationsTests.debug.xcconfig */,
				638F182034868634F87B00F3 /* Pods-EjemploPushNotificationsTests.release.xcconfig */,
				A628A502E46B1B26EE7885FA /* Pods-EjemploPushNotificationsUITests.debug.xcconfig */,
				4D116A7B6796691DF8889AB3 /* Pods-EjemploPushNotificationsUITests.release.xcconfig */,
				6358E2FDEA9927087DFEBB73 /* Pods-EjemploPushNotifications-urbanAirship.debug.xcconfig */,
				0B979A1EEC5516C3F60DDEDD /* Pods-EjemploPushNotifications-urbanAirship.release.xcconfig */,
			);
			name = Pods;
			sourceTree = "<group>";
		};
/* End PBXGroup section */

/* Begin PBXNativeTarget section */
		A159DC95225C3CBB0059C0EA /* EjemploPushNotifications */ = {
			isa = PBXNativeTarget;
			buildConfigurationList = A159DCC1225C3CBD0059C0EA /* Build configuration list for PBXNativeTarget "EjemploPushNotifications" */;
			buildPhases = (
				8049A51F5DCD9C9C1818E110 /* [CP] Check Pods Manifest.lock */,
				A159DC92225C3CBB0059C0EA /* Sources */,
				A159DC93225C3CBB0059C0EA /* Frameworks */,
				A159DC94225C3CBB0059C0EA /* Resources */,
				E8088BFE287F1F9EFC3914AB /* [CP] Embed Pods Frameworks */,
				DE91E99E225CEB2600DE013A /* Embed App Extensions */,
			);
			buildRules = (
			);
			dependencies = (
			);
			name = EjemploPushNotifications;
			productName = EjemploPushNotifications;
			productReference = A159DC96225C3CBB0059C0EA /* EjemploPushNotifications.app */;
			productType = "com.apple.product-type.application";
		};
		A159DCAC225C3CBD0059C0EA /* EjemploPushNotificationsTests */ = {
			isa = PBXNativeTarget;
			buildConfigurationList = A159DCC4225C3CBD0059C0EA /* Build configuration list for PBXNativeTarget "EjemploPushNotificationsTests" */;
			buildPhases = (
				069D1D48E98CDBA3DAB967F0 /* [CP] Check Pods Manifest.lock */,
				A159DCA9225C3CBD0059C0EA /* Sources */,
				A159DCAA225C3CBD0059C0EA /* Frameworks */,
				A159DCAB225C3CBD0059C0EA /* Resources */,
			);
			buildRules = (
			);
			dependencies = (
				A159DCAF225C3CBD0059C0EA /* PBXTargetDependency */,
			);
			name = EjemploPushNotificationsTests;
			productName = EjemploPushNotificationsTests;
			productReference = A159DCAD225C3CBD0059C0EA /* EjemploPushNotificationsTests.xctest */;
			productType = "com.apple.product-type.bundle.unit-test";
		};
		A159DCB7225C3CBD0059C0EA /* EjemploPushNotificationsUITests */ = {
			isa = PBXNativeTarget;
			buildConfigurationList = A159DCC7225C3CBD0059C0EA /* Build configuration list for PBXNativeTarget "EjemploPushNotificationsUITests" */;
			buildPhases = (
				1025459847EF62E138F9262C /* [CP] Check Pods Manifest.lock */,
				A159DCB4225C3CBD0059C0EA /* Sources */,
				A159DCB5225C3CBD0059C0EA /* Frameworks */,
				A159DCB6225C3CBD0059C0EA /* Resources */,
			);
			buildRules = (
			);
			dependencies = (
				A159DCBA225C3CBD0059C0EA /* PBXTargetDependency */,
			);
			name = EjemploPushNotificationsUITests;
			productName = EjemploPushNotificationsUITests;
			productReference = A159DCB8225C3CBD0059C0EA /* EjemploPushNotificationsUITests.xctest */;
			productType = "com.apple.product-type.bundle.ui-testing";
		};
/* End PBXNativeTarget section */

/* Begin PBXProject section */
		A159DC8E225C3CBB0059C0EA /* Project object */ = {
			isa = PBXProject;
			attributes = {
				LastSwiftUpdateCheck = 1020;
				LastUpgradeCheck = 1010;
				ORGANIZATIONNAME = "Jair Moreno Gaspar";
				TargetAttributes = {
					A159DC95225C3CBB0059C0EA = {
						CreatedOnToolsVersion = 10.1;
						SystemCapabilities = {
							com.apple.Push = {
								enabled = 1;
							};
						};
					};
					A159DCAC225C3CBD0059C0EA = {
						CreatedOnToolsVersion = 10.1;
						TestTargetID = A159DC95225C3CBB0059C0EA;
					};
					A159DCB7225C3CBD0059C0EA = {
						CreatedOnToolsVersion = 10.1;
						TestTargetID = A159DC95225C3CBB0059C0EA;
					};
				};
			};
			buildConfigurationList = A159DC91225C3CBB0059C0EA /* Build configuration list for PBXProject "EjemploPushNotifications" */;
			compatibilityVersion = "Xcode 9.3";
			developmentRegion = en;
			hasScannedForEncodings = 0;
			knownRegions = (
				en,
				Base,
			);
			mainGroup = A159DC8D225C3CBB0059C0EA;
			productRefGroup = A159DC97225C3CBB0059C0EA /* Products */;
			projectDirPath = "";
			projectRoot = "";
			targets = (
				A159DC95225C3CBB0059C0EA /* EjemploPushNotifications */,
				A159DCAC225C3CBD0059C0EA /* EjemploPushNotificationsTests */,
				A159DCB7225C3CBD0059C0EA /* EjemploPushNotificationsUITests */,
			);
		};
/* End PBXProject section */

/* Begin PBXResourcesBuildPhase section */
		A159DC94225C3CBB0059C0EA /* Resources */ = {
			isa = PBXResourcesBuildPhase;
			buildActionMask = 2147483647;
			files = (
				A159DCA7225C3CBD0059C0EA /* LaunchScreen.storyboard in Resources */,
				A159DCA4225C3CBD0059C0EA /* Assets.xcassets in Resources */,
				A159DC9F225C3CBB0059C0EA /* Main.storyboard in Resources */,
				DE91E9A1225CEE1A00DE013A /* AirshipConfig.plist in Resources */,
				A159DCCB225C3F310059C0EA /* GoogleService-Info.plist in Resources */,
			);
			runOnlyForDeploymentPostprocessing = 0;
		};
		A159DCAB225C3CBD0059C0EA /* Resources */ = {
			isa = PBXResourcesBuildPhase;
			buildActionMask = 2147483647;
			files = (
			);
			runOnlyForDeploymentPostprocessing = 0;
		};
		A159DCB6225C3CBD0059C0EA /* Resources */ = {
			isa = PBXResourcesBuildPhase;
			buildActionMask = 2147483647;
			files = (
			);
			runOnlyForDeploymentPostprocessing = 0;
		};
/* End PBXResourcesBuildPhase section */

/* Begin PBXShellScriptBuildPhase section */
		069D1D48E98CDBA3DAB967F0 /* [CP] Check Pods Manifest.lock */ = {
			isa = PBXShellScriptBuildPhase;
			buildActionMask = 2147483647;
			files = (
			);
			inputPaths = (
				"${PODS_PODFILE_DIR_PATH}/Podfile.lock",
				"${PODS_ROOT}/Manifest.lock",
			);
			name = "[CP] Check Pods Manifest.lock";
			outputPaths = (
				"$(DERIVED_FILE_DIR)/Pods-EjemploPushNotificationsTests-checkManifestLockResult.txt",
			);
			runOnlyForDeploymentPostprocessing = 0;
			shellPath = /bin/sh;
			shellScript = "diff \"${PODS_PODFILE_DIR_PATH}/Podfile.lock\" \"${PODS_ROOT}/Manifest.lock\" > /dev/null\nif [ $? != 0 ] ; then\n    # print error to STDERR\n    echo \"error: The sandbox is not in sync with the Podfile.lock. Run 'pod install' or update your CocoaPods installation.\" >&2\n    exit 1\nfi\n# This output is used by Xcode 'outputs' to avoid re-running this script phase.\necho \"SUCCESS\" > \"${SCRIPT_OUTPUT_FILE_0}\"\n";
			showEnvVarsInLog = 0;
		};
		1025459847EF62E138F9262C /* [CP] Check Pods Manifest.lock */ = {
			isa = PBXShellScriptBuildPhase;
			buildActionMask = 2147483647;
			files = (
			);
			inputPaths = (
				"${PODS_PODFILE_DIR_PATH}/Podfile.lock",
				"${PODS_ROOT}/Manifest.lock",
			);
			name = "[CP] Check Pods Manifest.lock";
			outputPaths = (
				"$(DERIVED_FILE_DIR)/Pods-EjemploPushNotificationsUITests-checkManifestLockResult.txt",
			);
			runOnlyForDeploymentPostprocessing = 0;
			shellPath = /bin/sh;
			shellScript = "diff \"${PODS_PODFILE_DIR_PATH}/Podfile.lock\" \"${PODS_ROOT}/Manifest.lock\" > /dev/null\nif [ $? != 0 ] ; then\n    # print error to STDERR\n    echo \"error: The sandbox is not in sync with the Podfile.lock. Run 'pod install' or update your CocoaPods installation.\" >&2\n    exit 1\nfi\n# This output is used by Xcode 'outputs' to avoid re-running this script phase.\necho \"SUCCESS\" > \"${SCRIPT_OUTPUT_FILE_0}\"\n";
			showEnvVarsInLog = 0;
		};
		8049A51F5DCD9C9C1818E110 /* [CP] Check Pods Manifest.lock */ = {
			isa = PBXShellScriptBuildPhase;
			buildActionMask = 2147483647;
			files = (
			);
			inputPaths = (
				"${PODS_PODFILE_DIR_PATH}/Podfile.lock",
				"${PODS_ROOT}/Manifest.lock",
			);
			name = "[CP] Check Pods Manifest.lock";
			outputPaths = (
				"$(DERIVED_FILE_DIR)/Pods-EjemploPushNotifications-checkManifestLockResult.txt",
			);
			runOnlyForDeploymentPostprocessing = 0;
			shellPath = /bin/sh;
			shellScript = "diff \"${PODS_PODFILE_DIR_PATH}/Podfile.lock\" \"${PODS_ROOT}/Manifest.lock\" > /dev/null\nif [ $? != 0 ] ; then\n    # print error to STDERR\n    echo \"error: The sandbox is not in sync with the Podfile.lock. Run 'pod install' or update your CocoaPods installation.\" >&2\n    exit 1\nfi\n# This output is used by Xcode 'outputs' to avoid re-running this script phase.\necho \"SUCCESS\" > \"${SCRIPT_OUTPUT_FILE_0}\"\n";
			showEnvVarsInLog = 0;
		};
		E8088BFE287F1F9EFC3914AB /* [CP] Embed Pods Frameworks */ = {
			isa = PBXShellScriptBuildPhase;
			buildActionMask = 2147483647;
			files = (
			);
			inputPaths = (
				"${PODS_ROOT}/Target Support Files/Pods-EjemploPushNotifications/Pods-EjemploPushNotifications-frameworks.sh",
				"${BUILT_PRODUCTS_DIR}/GoogleUtilities/GoogleUtilities.framework",
				"${BUILT_PRODUCTS_DIR}/Protobuf/Protobuf.framework",
				"${BUILT_PRODUCTS_DIR}/UrbanAirship-iOS-SDK/AirshipKit.framework",
				"${BUILT_PRODUCTS_DIR}/nanopb/nanopb.framework",
			);
			name = "[CP] Embed Pods Frameworks";
			outputPaths = (
				"${TARGET_BUILD_DIR}/${FRAMEWORKS_FOLDER_PATH}/GoogleUtilities.framework",
				"${TARGET_BUILD_DIR}/${FRAMEWORKS_FOLDER_PATH}/Protobuf.framework",
				"${TARGET_BUILD_DIR}/${FRAMEWORKS_FOLDER_PATH}/AirshipKit.framework",
				"${TARGET_BUILD_DIR}/${FRAMEWORKS_FOLDER_PATH}/nanopb.framework",
			);
			runOnlyForDeploymentPostprocessing = 0;
			shellPath = /bin/sh;
			shellScript = "\"${PODS_ROOT}/Target Support Files/Pods-EjemploPushNotifications/Pods-EjemploPushNotifications-frameworks.sh\"\n";
			showEnvVarsInLog = 0;
		};
/* End PBXShellScriptBuildPhase section */

/* Begin PBXSourcesBuildPhase section */
		A159DC92225C3CBB0059C0EA /* Sources */ = {
			isa = PBXSourcesBuildPhase;
			buildActionMask = 2147483647;
			files = (
				A159DC9C225C3CBB0059C0EA /* ViewController.swift in Sources */,
				A159DCA2225C3CBB0059C0EA /* EjemploPushNotifications.xcdatamodeld in Sources */,
				A159DC9A225C3CBB0059C0EA /* AppDelegate.swift in Sources */,
			);
			runOnlyForDeploymentPostprocessing = 0;
		};
		A159DCA9225C3CBD0059C0EA /* Sources */ = {
			isa = PBXSourcesBuildPhase;
			buildActionMask = 2147483647;
			files = (
				A159DCB2225C3CBD0059C0EA /* EjemploPushNotificationsTests.swift in Sources */,
			);
			runOnlyForDeploymentPostprocessing = 0;
		};
		A159DCB4225C3CBD0059C0EA /* Sources */ = {
			isa = PBXSourcesBuildPhase;
			buildActionMask = 2147483647;
			files = (
				A159DCBD225C3CBD0059C0EA /* EjemploPushNotificationsUITests.swift in Sources */,
			);
			runOnlyForDeploymentPostprocessing = 0;
		};
/* End PBXSourcesBuildPhase section */

/* Begin PBXTargetDependency section */
		A159DCAF225C3CBD0059C0EA /* PBXTargetDependency */ = {
			isa = PBXTargetDependency;
			target = A159DC95225C3CBB0059C0EA /* EjemploPushNotifications */;
			targetProxy = A159DCAE225C3CBD0059C0EA /* PBXContainerItemProxy */;
		};
		A159DCBA225C3CBD0059C0EA /* PBXTargetDependency */ = {
			isa = PBXTargetDependency;
			target = A159DC95225C3CBB0059C0EA /* EjemploPushNotifications */;
			targetProxy = A159DCB9225C3CBD0059C0EA /* PBXContainerItemProxy */;
		};
/* End PBXTargetDependency section */

/* Begin PBXVariantGroup section */
		A159DC9D225C3CBB0059C0EA /* Main.storyboard */ = {
			isa = PBXVariantGroup;
			children = (
				A159DC9E225C3CBB0059C0EA /* Base */,
			);
			name = Main.storyboard;
			sourceTree = "<group>";
		};
		A159DCA5225C3CBD0059C0EA /* LaunchScreen.storyboard */ = {
			isa = PBXVariantGroup;
			children = (
				A159DCA6225C3CBD0059C0EA /* Base */,
			);
			name = LaunchScreen.storyboard;
			sourceTree = "<group>";
		};
/* End PBXVariantGroup section */

/* Begin XCBuildConfiguration section */
		A159DCBF225C3CBD0059C0EA /* Debug */ = {
			isa = XCBuildConfiguration;
			buildSettings = {
				ALWAYS_SEARCH_USER_PATHS = NO;
				CLANG_ANALYZER_NONNULL = YES;
				CLANG_ANALYZER_NUMBER_OBJECT_CONVERSION = YES_AGGRESSIVE;
				CLANG_CXX_LANGUAGE_STANDARD = "gnu++14";
				CLANG_CXX_LIBRARY = "libc++";
				CLANG_ENABLE_MODULES = YES;
				CLANG_ENABLE_OBJC_ARC = YES;
				CLANG_ENABLE_OBJC_WEAK = YES;
				CLANG_WARN_BLOCK_CAPTURE_AUTORELEASING = YES;
				CLANG_WARN_BOOL_CONVERSION = YES;
				CLANG_WARN_COMMA = YES;
				CLANG_WARN_CONSTANT_CONVERSION = YES;
				CLANG_WARN_DEPRECATED_OBJC_IMPLEMENTATIONS = YES;
				CLANG_WARN_DIRECT_OBJC_ISA_USAGE = YES_ERROR;
				CLANG_WARN_DOCUMENTATION_COMMENTS = YES;
				CLANG_WARN_EMPTY_BODY = YES;
				CLANG_WARN_ENUM_CONVERSION = YES;
				CLANG_WARN_INFINITE_RECURSION = YES;
				CLANG_WARN_INT_CONVERSION = YES;
				CLANG_WARN_NON_LITERAL_NULL_CONVERSION = YES;
				CLANG_WARN_OBJC_IMPLICIT_RETAIN_SELF = YES;
				CLANG_WARN_OBJC_LITERAL_CONVERSION = YES;
				CLANG_WARN_OBJC_ROOT_CLASS = YES_ERROR;
				CLANG_WARN_RANGE_LOOP_ANALYSIS = YES;
				CLANG_WARN_STRICT_PROTOTYPES = YES;
				CLANG_WARN_SUSPICIOUS_MOVE = YES;
				CLANG_WARN_UNGUARDED_AVAILABILITY = YES_AGGRESSIVE;
				CLANG_WARN_UNREACHABLE_CODE = YES;
				CLANG_WARN__DUPLICATE_METHOD_MATCH = YES;
				CODE_SIGN_IDENTITY = "iPhone Developer";
				COPY_PHASE_STRIP = NO;
				DEBUG_INFORMATION_FORMAT = dwarf;
				ENABLE_STRICT_OBJC_MSGSEND = YES;
				ENABLE_TESTABILITY = YES;
				GCC_C_LANGUAGE_STANDARD = gnu11;
				GCC_DYNAMIC_NO_PIC = NO;
				GCC_NO_COMMON_BLOCKS = YES;
				GCC_OPTIMIZATION_LEVEL = 0;
				GCC_PREPROCESSOR_DEFINITIONS = (
					"DEBUG=1",
					"$(inherited)",
				);
				GCC_WARN_64_TO_32_BIT_CONVERSION = YES;
				GCC_WARN_ABOUT_RETURN_TYPE = YES_ERROR;
				GCC_WARN_UNDECLARED_SELECTOR = YES;
				GCC_WARN_UNINITIALIZED_AUTOS = YES_AGGRESSIVE;
				GCC_WARN_UNUSED_FUNCTION = YES;
				GCC_WARN_UNUSED_VARIABLE = YES;
				IPHONEOS_DEPLOYMENT_TARGET = 12.1;
				MTL_ENABLE_DEBUG_INFO = INCLUDE_SOURCE;
				MTL_FAST_MATH = YES;
				ONLY_ACTIVE_ARCH = YES;
				SDKROOT = iphoneos;
				SWIFT_ACTIVE_COMPILATION_CONDITIONS = DEBUG;
				SWIFT_OPTIMIZATION_LEVEL = "-Onone";
			};
			name = Debug;
		};
		A159DCC0225C3CBD0059C0EA /* Release */ = {
			isa = XCBuildConfiguration;
			buildSettings = {
				ALWAYS_SEARCH_USER_PATHS = NO;
				CLANG_ANALYZER_NONNULL = YES;
				CLANG_ANALYZER_NUMBER_OBJECT_CONVERSION = YES_AGGRESSIVE;
				CLANG_CXX_LANGUAGE_STANDARD = "gnu++14";
				CLANG_CXX_LIBRARY = "libc++";
				CLANG_ENABLE_MODULES = YES;
				CLANG_ENABLE_OBJC_ARC = YES;
				CLANG_ENABLE_OBJC_WEAK = YES;
				CLANG_WARN_BLOCK_CAPTURE_AUTORELEASING = YES;
				CLANG_WARN_BOOL_CONVERSION = YES;
				CLANG_WARN_COMMA = YES;
				CLANG_WARN_CONSTANT_CONVERSION = YES;
				CLANG_WARN_DEPRECATED_OBJC_IMPLEMENTATIONS = YES;
				CLANG_WARN_DIRECT_OBJC_ISA_USAGE = YES_ERROR;
				CLANG_WARN_DOCUMENTATION_COMMENTS = YES;
				CLANG_WARN_EMPTY_BODY = YES;
				CLANG_WARN_ENUM_CONVERSION = YES;
				CLANG_WARN_INFINITE_RECURSION = YES;
				CLANG_WARN_INT_CONVERSION = YES;
				CLANG_WARN_NON_LITERAL_NULL_CONVERSION = YES;
				CLANG_WARN_OBJC_IMPLICIT_RETAIN_SELF = YES;
				CLANG_WARN_OBJC_LITERAL_CONVERSION = YES;
				CLANG_WARN_OBJC_ROOT_CLASS = YES_ERROR;
				CLANG_WARN_RANGE_LOOP_ANALYSIS = YES;
				CLANG_WARN_STRICT_PROTOTYPES = YES;
				CLANG_WARN_SUSPICIOUS_MOVE = YES;
				CLANG_WARN_UNGUARDED_AVAILABILITY = YES_AGGRESSIVE;
				CLANG_WARN_UNREACHABLE_CODE = YES;
				CLANG_WARN__DUPLICATE_METHOD_MATCH = YES;
				CODE_SIGN_IDENTITY = "iPhone Developer";
				COPY_PHASE_STRIP = NO;
				DEBUG_INFORMATION_FORMAT = "dwarf-with-dsym";
				ENABLE_NS_ASSERTIONS = NO;
				ENABLE_STRICT_OBJC_MSGSEND = YES;
				GCC_C_LANGUAGE_STANDARD = gnu11;
				GCC_NO_COMMON_BLOCKS = YES;
				GCC_WARN_64_TO_32_BIT_CONVERSION = YES;
				GCC_WARN_ABOUT_RETURN_TYPE = YES_ERROR;
				GCC_WARN_UNDECLARED_SELECTOR = YES;
				GCC_WARN_UNINITIALIZED_AUTOS = YES_AGGRESSIVE;
				GCC_WARN_UNUSED_FUNCTION = YES;
				GCC_WARN_UNUSED_VARIABLE = YES;
				IPHONEOS_DEPLOYMENT_TARGET = 12.1;
				MTL_ENABLE_DEBUG_INFO = NO;
				MTL_FAST_MATH = YES;
				SDKROOT = iphoneos;
				SWIFT_COMPILATION_MODE = wholemodule;
				SWIFT_OPTIMIZATION_LEVEL = "-O";
				VALIDATE_PRODUCT = YES;
			};
			name = Release;
		};
		A159DCC2225C3CBD0059C0EA /* Debug */ = {
			isa = XCBuildConfiguration;
			baseConfigurationReference = 9AE416D43A17635F81C117C6 /* Pods-EjemploPushNotifications.debug.xcconfig */;
			buildSettings = {
				ALWAYS_EMBED_SWIFT_STANDARD_LIBRARIES = YES;
				ASSETCATALOG_COMPILER_APPICON_NAME = AppIcon;
				CODE_SIGN_ENTITLEMENTS = EjemploPushNotifications/EjemploPushNotifications.entitlements;
				CODE_SIGN_STYLE = Automatic;
				DEVELOPMENT_TEAM = LQUE8QE5D8;
				INFOPLIST_FILE = EjemploPushNotifications/Info.plist;
				LD_RUNPATH_SEARCH_PATHS = (
					"$(inherited)",
					"@executable_path/Frameworks",
				);
				PRODUCT_BUNDLE_IDENTIFIER = com.EjemploPushNotifications;
				PRODUCT_NAME = "$(TARGET_NAME)";
				SWIFT_VERSION = 4.2;
				TARGETED_DEVICE_FAMILY = "1,2";
			};
			name = Debug;
		};
		A159DCC3225C3CBD0059C0EA /* Release */ = {
			isa = XCBuildConfiguration;
			baseConfigurationReference = E849DBBCB4C99CB60C5836A3 /* Pods-EjemploPushNotifications.release.xcconfig */;
			buildSettings = {
				ALWAYS_EMBED_SWIFT_STANDARD_LIBRARIES = YES;
				ASSETCATALOG_COMPILER_APPICON_NAME = AppIcon;
				CODE_SIGN_ENTITLEMENTS = EjemploPushNotifications/EjemploPushNotifications.entitlements;
				CODE_SIGN_STYLE = Automatic;
				DEVELOPMENT_TEAM = LQUE8QE5D8;
				INFOPLIST_FILE = EjemploPushNotifications/Info.plist;
				LD_RUNPATH_SEARCH_PATHS = (
					"$(inherited)",
					"@executable_path/Frameworks",
				);
				PRODUCT_BUNDLE_IDENTIFIER = com.EjemploPushNotifications;
				PRODUCT_NAME = "$(TARGET_NAME)";
				SWIFT_VERSION = 4.2;
				TARGETED_DEVICE_FAMILY = "1,2";
			};
			name = Release;
		};
		A159DCC5225C3CBD0059C0EA /* Debug */ = {
			isa = XCBuildConfiguration;
			baseConfigurationReference = 8D8B894DF3B6CC713A22D22F /* Pods-EjemploPushNotificationsTests.debug.xcconfig */;
			buildSettings = {
				ALWAYS_EMBED_SWIFT_STANDARD_LIBRARIES = YES;
				BUNDLE_LOADER = "$(TEST_HOST)";
				CODE_SIGN_STYLE = Automatic;
				INFOPLIST_FILE = EjemploPushNotificationsTests/Info.plist;
				LD_RUNPATH_SEARCH_PATHS = (
					"$(inherited)",
					"@executable_path/Frameworks",
					"@loader_path/Frameworks",
				);
				PRODUCT_BUNDLE_IDENTIFIER = com.EjemploPushNotificationsTests;
				PRODUCT_NAME = "$(TARGET_NAME)";
				SWIFT_VERSION = 4.2;
				TARGETED_DEVICE_FAMILY = "1,2";
				TEST_HOST = "$(BUILT_PRODUCTS_DIR)/EjemploPushNotifications.app/EjemploPushNotifications";
			};
			name = Debug;
		};
		A159DCC6225C3CBD0059C0EA /* Release */ = {
			isa = XCBuildConfiguration;
			baseConfigurationReference = 638F182034868634F87B00F3 /* Pods-EjemploPushNotificationsTests.release.xcconfig */;
			buildSettings = {
				ALWAYS_EMBED_SWIFT_STANDARD_LIBRARIES = YES;
				BUNDLE_LOADER = "$(TEST_HOST)";
				CODE_SIGN_STYLE = Automatic;
				INFOPLIST_FILE = EjemploPushNotificationsTests/Info.plist;
				LD_RUNPATH_SEARCH_PATHS = (
					"$(inherited)",
					"@executable_path/Frameworks",
					"@loader_path/Frameworks",
				);
				PRODUCT_BUNDLE_IDENTIFIER = com.EjemploPushNotificationsTests;
				PRODUCT_NAME = "$(TARGET_NAME)";
				SWIFT_VERSION = 4.2;
				TARGETED_DEVICE_FAMILY = "1,2";
				TEST_HOST = "$(BUILT_PRODUCTS_DIR)/EjemploPushNotifications.app/EjemploPushNotifications";
			};
			name = Release;
		};
		A159DCC8225C3CBD0059C0EA /* Debug */ = {
			isa = XCBuildConfiguration;
			baseConfigurationReference = A628A502E46B1B26EE7885FA /* Pods-EjemploPushNotificationsUITests.debug.xcconfig */;
			buildSettings = {
				ALWAYS_EMBED_SWIFT_STANDARD_LIBRARIES = YES;
				CODE_SIGN_STYLE = Automatic;
				INFOPLIST_FILE = EjemploPushNotificationsUITests/Info.plist;
				LD_RUNPATH_SEARCH_PATHS = (
					"$(inherited)",
					"@executable_path/Frameworks",
					"@loader_path/Frameworks",
				);
				PRODUCT_BUNDLE_IDENTIFIER = com.EjemploPushNotificationsUITests;
				PRODUCT_NAME = "$(TARGET_NAME)";
				SWIFT_VERSION = 4.2;
				TARGETED_DEVICE_FAMILY = "1,2";
				TEST_TARGET_NAME = EjemploPushNotifications;
			};
			name = Debug;
		};
		A159DCC9225C3CBD0059C0EA /* Release */ = {
			isa = XCBuildConfiguration;
			baseConfigurationReference = 4D116A7B6796691DF8889AB3 /* Pods-EjemploPushNotificationsUITests.release.xcconfig */;
			buildSettings = {
				ALWAYS_EMBED_SWIFT_STANDARD_LIBRARIES = YES;
				CODE_SIGN_STYLE = Automatic;
				INFOPLIST_FILE = EjemploPushNotificationsUITests/Info.plist;
				LD_RUNPATH_SEARCH_PATHS = (
					"$(inherited)",
					"@executable_path/Frameworks",
					"@loader_path/Frameworks",
				);
				PRODUCT_BUNDLE_IDENTIFIER = com.EjemploPushNotificationsUITests;
				PRODUCT_NAME = "$(TARGET_NAME)";
				SWIFT_VERSION = 4.2;
				TARGETED_DEVICE_FAMILY = "1,2";
				TEST_TARGET_NAME = EjemploPushNotifications;
			};
			name = Release;
		};
/* End XCBuildConfiguration section */

/* Begin XCConfigurationList section */
		A159DC91225C3CBB0059C0EA /* Build configuration list for PBXProject "EjemploPushNotifications" */ = {
			isa = XCConfigurationList;
			buildConfigurations = (
				A159DCBF225C3CBD0059C0EA /* Debug */,
				A159DCC0225C3CBD0059C0EA /* Release */,
			);
			defaultConfigurationIsVisible = 0;
			defaultConfigurationName = Release;
		};
		A159DCC1225C3CBD0059C0EA /* Build configuration list for PBXNativeTarget "EjemploPushNotifications" */ = {
			isa = XCConfigurationList;
			buildConfigurations = (
				A159DCC2225C3CBD0059C0EA /* Debug */,
				A159DCC3225C3CBD0059C0EA /* Release */,
			);
			defaultConfigurationIsVisible = 0;
			defaultConfigurationName = Release;
		};
		A159DCC4225C3CBD0059C0EA /* Build configuration list for PBXNativeTarget "EjemploPushNotificationsTests" */ = {
			isa = XCConfigurationList;
			buildConfigurations = (
				A159DCC5225C3CBD0059C0EA /* Debug */,
				A159DCC6225C3CBD0059C0EA /* Release */,
			);
			defaultConfigurationIsVisible = 0;
			defaultConfigurationName = Release;
		};
		A159DCC7225C3CBD0059C0EA /* Build configuration list for PBXNativeTarget "EjemploPushNotificationsUITests" */ = {
			isa = XCConfigurationList;
			buildConfigurations = (
				A159DCC8225C3CBD0059C0EA /* Debug */,
				A159DCC9225C3CBD0059C0EA /* Release */,
			);
			defaultConfigurationIsVisible = 0;
			defaultConfigurationName = Release;
		};
/* End XCConfigurationList section */

/* Begin XCVersionGroup section */
		A159DCA0225C3CBB0059C0EA /* EjemploPushNotifications.xcdatamodeld */ = {
			isa = XCVersionGroup;
			children = (
				A159DCA1225C3CBB0059C0EA /* EjemploPushNotifications.xcdatamodel */,
			);
			currentVersion = A159DCA1225C3CBB0059C0EA /* EjemploPushNotifications.xcdatamodel */;
			path = EjemploPushNotifications.xcdatamodeld;
			sourceTree = "<group>";
			versionGroupType = wrapper.xcdatamodel;
		};
/* End XCVersionGroup section */
	};
	rootObject = A159DC8E225C3CBB0059C0EA /* Project object */;
}
